
Microsoft Visual Studio Solution File, Format Version 12.00
# Visual Studio Version 17
VisualStudioVersion = 17.8.34322.80
MinimumVisualStudioVersion = 10.0.40219.1
Project("{FAE04EC0-301F-11D3-BF4B-00C04F79EFBC}") = "RestaurantMyC-Api", "RestaurantMyC-Api\RestaurantMyC-Api.csproj", "{EA7C0123-9A2E-46A2-8F8A-5AC684F40D49}"
EndProject
Global
	GlobalSection(SolutionConfigurationPlatforms) = preSolution
		Debug|Any CPU = Debug|Any CPU
		Release|Any CPU = Release|Any CPU
	EndGlobalSection
	GlobalSection(ProjectConfigurationPlatforms) = postSolution
		{EA7C0123-9A2E-46A2-8F8A-5AC684F40D49}.Debug|Any CPU.ActiveCfg = Debug|Any CPU
		{EA7C0123-9A2E-46A2-8F8A-5AC684F40D49}.Debug|Any CPU.Build.0 = Debug|Any CPU
		{EA7C0123-9A2E-46A2-8F8A-5AC684F40D49}.Release|Any CPU.ActiveCfg = Release|Any CPU
		{EA7C0123-9A2E-46A2-8F8A-5AC684F40D49}.Release|Any CPU.Build.0 = Release|Any CPU
	EndGlobalSection
	GlobalSection(SolutionProperties) = preSolution
		HideSolutionNode = FALSE
	EndGlobalSection
	GlobalSection(ExtensibilityGlobals) = postSolution
		SolutionGuid = {4A759A82-1C2C-42F6-8083-BF6F867C2A0C}
	EndGlobalSection
EndGlobal
